// !$*UTF8*$!
{
	archiveVersion = 1;
	classes = {
	};
	objectVersion = 46;
	objects = {

/* Begin PBXBuildFile section */
		071D631BBDA00BB0980E88BC /* del_impl.cpp in Sources */ = {isa = PBXBuildFile; fileRef = 5B58BF03F54854C49C0E8D21 /* del_impl.cpp */; };
		1D29183493968A6745214489 /* ofxTriangle.cpp in Sources */ = {isa = PBXBuildFile; fileRef = 7B928DEF9B0ED0E1AEFA99EE /* ofxTriangle.cpp */; };
		5A4349E9754D6FA14C0F2A3A /* tinyxmlparser.cpp in Sources */ = {isa = PBXBuildFile; fileRef = FC5DA1C87211D4F6377DA719 /* tinyxmlparser.cpp */; };
		63B57AC5BF4EF088491E0317 /* ofxXmlSettings.cpp in Sources */ = {isa = PBXBuildFile; fileRef = 50DF87D612C5AAE17AAFA6C0 /* ofxXmlSettings.cpp */; };
		84206A0A1B3A66AC00DEB5B4 /* Homography.cpp in Sources */ = {isa = PBXBuildFile; fileRef = 84206A091B3A66AC00DEB5B4 /* Homography.cpp */; };
		846F11481B36873D0071ADAC /* Canvas.cpp in Sources */ = {isa = PBXBuildFile; fileRef = 846F11211B36873D0071ADAC /* Canvas.cpp */; };
		846F11491B36873D0071ADAC /* MaskFrame.cpp in Sources */ = {isa = PBXBuildFile; fileRef = 846F11231B36873D0071ADAC /* MaskFrame.cpp */; };
		846F114A1B36873D0071ADAC /* TextArea.cpp in Sources */ = {isa = PBXBuildFile; fileRef = 846F11251B36873D0071ADAC /* TextArea.cpp */; };
		846F114B1B36873D0071ADAC /* CanvasContents.cpp in Sources */ = {isa = PBXBuildFile; fileRef = 846F11281B36873D0071ADAC /* CanvasContents.cpp */; };
		846F114C1B36873D0071ADAC /* SafeDeque.cpp in Sources */ = {isa = PBXBuildFile; fileRef = 846F112A1B36873D0071ADAC /* SafeDeque.cpp */; };
		846F114D1B36873D0071ADAC /* Mouse.cpp in Sources */ = {isa = PBXBuildFile; fileRef = 846F112C1B36873D0071ADAC /* Mouse.cpp */; };
		846F114E1B36873D0071ADAC /* DragHandle.cpp in Sources */ = {isa = PBXBuildFile; fileRef = 846F112F1B36873D0071ADAC /* DragHandle.cpp */; };
		846F114F1B36873D0071ADAC /* MaskPoint.cpp in Sources */ = {isa = PBXBuildFile; fileRef = 846F11311B36873D0071ADAC /* MaskPoint.cpp */; };
		846F11501B36873D0071ADAC /* PointObject.cpp in Sources */ = {isa = PBXBuildFile; fileRef = 846F11331B36873D0071ADAC /* PointObject.cpp */; };
		846F11511B36873D0071ADAC /* ofExtensions.cpp in Sources */ = {isa = PBXBuildFile; fileRef = 846F11351B36873D0071ADAC /* ofExtensions.cpp */; };
		846F11521B36873D0071ADAC /* ofxProjectionMask.cpp in Sources */ = {isa = PBXBuildFile; fileRef = 846F11371B36873D0071ADAC /* ofxProjectionMask.cpp */; };
		846F11531B36873D0071ADAC /* BufferPattern.cpp in Sources */ = {isa = PBXBuildFile; fileRef = 846F113A1B36873D0071ADAC /* BufferPattern.cpp */; };
		846F11541B36873D0071ADAC /* ArgumentPattern.cpp in Sources */ = {isa = PBXBuildFile; fileRef = 846F113D1B36873D0071ADAC /* ArgumentPattern.cpp */; };
		846F11551B36873D0071ADAC /* HueCyclePattern.cpp in Sources */ = {isa = PBXBuildFile; fileRef = 846F113F1B36873D0071ADAC /* HueCyclePattern.cpp */; };
		846F11561B36873D0071ADAC /* SetupPattern.cpp in Sources */ = {isa = PBXBuildFile; fileRef = 846F11411B36873D0071ADAC /* SetupPattern.cpp */; };
		846F11571B36873D0071ADAC /* Presets.cpp in Sources */ = {isa = PBXBuildFile; fileRef = 846F11431B36873D0071ADAC /* Presets.cpp */; };
		846F11581B36873D0071ADAC /* Xml.cpp in Sources */ = {isa = PBXBuildFile; fileRef = 846F11461B36873D0071ADAC /* Xml.cpp */; };
		846F11621B368B3D0071ADAC /* YourCustomPattern.cpp in Sources */ = {isa = PBXBuildFile; fileRef = 846F11601B368A010071ADAC /* YourCustomPattern.cpp */; };
		84BCC1A81B374BDE00CCC5F3 /* ofxLayerMask.cpp in Sources */ = {isa = PBXBuildFile; fileRef = 84BCC19F1B374BDE00CCC5F3 /* ofxLayerMask.cpp */; };
		87B479F55285F413D96B5A45 /* ofxSecondWindow.cpp in Sources */ = {isa = PBXBuildFile; fileRef = F6CD5194C7EEB1B621758398 /* ofxSecondWindow.cpp */; };
		933A2227713C720CEFF80FD9 /* tinyxml.cpp in Sources */ = {isa = PBXBuildFile; fileRef = 2B40EDA85BEB63E46785BC29 /* tinyxml.cpp */; };
		9D44DC88EF9E7991B4A09951 /* tinyxmlerror.cpp in Sources */ = {isa = PBXBuildFile; fileRef = 832BDC407620CDBA568B713D /* tinyxmlerror.cpp */; };
		BBAB23CB13894F3D00AA2426 /* GLUT.framework in CopyFiles */ = {isa = PBXBuildFile; fileRef = BBAB23BE13894E4700AA2426 /* GLUT.framework */; };
		E4328149138ABC9F0047C5CB /* openFrameworksDebug.a in Frameworks */ = {isa = PBXBuildFile; fileRef = E4328148138ABC890047C5CB /* openFrameworksDebug.a */; };
		E45BE97B0E8CC7DD009D7055 /* AGL.framework in Frameworks */ = {isa = PBXBuildFile; fileRef = E45BE9710E8CC7DD009D7055 /* AGL.framework */; };
		E45BE97C0E8CC7DD009D7055 /* ApplicationServices.framework in Frameworks */ = {isa = PBXBuildFile; fileRef = E45BE9720E8CC7DD009D7055 /* ApplicationServices.framework */; };
		E45BE97D0E8CC7DD009D7055 /* AudioToolbox.framework in Frameworks */ = {isa = PBXBuildFile; fileRef = E45BE9730E8CC7DD009D7055 /* AudioToolbox.framework */; };
		E45BE97F0E8CC7DD009D7055 /* CoreAudio.framework in Frameworks */ = {isa = PBXBuildFile; fileRef = E45BE9750E8CC7DD009D7055 /* CoreAudio.framework */; };
		E45BE9800E8CC7DD009D7055 /* CoreFoundation.framework in Frameworks */ = {isa = PBXBuildFile; fileRef = E45BE9760E8CC7DD009D7055 /* CoreFoundation.framework */; };
		E45BE9810E8CC7DD009D7055 /* CoreServices.framework in Frameworks */ = {isa = PBXBuildFile; fileRef = E45BE9770E8CC7DD009D7055 /* CoreServices.framework */; };
		E45BE9830E8CC7DD009D7055 /* OpenGL.framework in Frameworks */ = {isa = PBXBuildFile; fileRef = E45BE9790E8CC7DD009D7055 /* OpenGL.framework */; };
		E45BE9840E8CC7DD009D7055 /* QuickTime.framework in Frameworks */ = {isa = PBXBuildFile; fileRef = E45BE97A0E8CC7DD009D7055 /* QuickTime.framework */; };
		E4B69E200A3A1BDC003C02F2 /* main.cpp in Sources */ = {isa = PBXBuildFile; fileRef = E4B69E1D0A3A1BDC003C02F2 /* main.cpp */; };
		E4B69E210A3A1BDC003C02F2 /* ofApp.cpp in Sources */ = {isa = PBXBuildFile; fileRef = E4B69E1E0A3A1BDC003C02F2 /* ofApp.cpp */; };
		E4C2424710CC5A17004149E2 /* AppKit.framework in Frameworks */ = {isa = PBXBuildFile; fileRef = E4C2424410CC5A17004149E2 /* AppKit.framework */; };
		E4C2424810CC5A17004149E2 /* Cocoa.framework in Frameworks */ = {isa = PBXBuildFile; fileRef = E4C2424510CC5A17004149E2 /* Cocoa.framework */; };
		E4C2424910CC5A17004149E2 /* IOKit.framework in Frameworks */ = {isa = PBXBuildFile; fileRef = E4C2424610CC5A17004149E2 /* IOKit.framework */; };
		E4EB6799138ADC1D00A09F29 /* GLUT.framework in Frameworks */ = {isa = PBXBuildFile; fileRef = BBAB23BE13894E4700AA2426 /* GLUT.framework */; };
		E7E077E515D3B63C0020DFD4 /* CoreVideo.framework in Frameworks */ = {isa = PBXBuildFile; fileRef = E7E077E415D3B63C0020DFD4 /* CoreVideo.framework */; };
		E7E077E815D3B6510020DFD4 /* QTKit.framework in Frameworks */ = {isa = PBXBuildFile; fileRef = E7E077E715D3B6510020DFD4 /* QTKit.framework */; };
		E7F985F815E0DEA3003869B5 /* Accelerate.framework in Frameworks */ = {isa = PBXBuildFile; fileRef = E7F985F515E0DE99003869B5 /* Accelerate.framework */; };
		F433A9855079F16673B77E7B /* assert.cpp in Sources */ = {isa = PBXBuildFile; fileRef = 95CC17619159CA7FBA37A39F /* assert.cpp */; };
/* End PBXBuildFile section */

/* Begin PBXContainerItemProxy section */
		E4328147138ABC890047C5CB /* PBXContainerItemProxy */ = {
			isa = PBXContainerItemProxy;
			containerPortal = E4328143138ABC890047C5CB /* openFrameworksLib.xcodeproj */;
			proxyType = 2;
			remoteGlobalIDString = E4B27C1510CBEB8E00536013;
			remoteInfo = openFrameworks;
		};
		E4EEB9AB138B136A00A80321 /* PBXContainerItemProxy */ = {
			isa = PBXContainerItemProxy;
			containerPortal = E4328143138ABC890047C5CB /* openFrameworksLib.xcodeproj */;
			proxyType = 1;
			remoteGlobalIDString = E4B27C1410CBEB8E00536013;
			remoteInfo = openFrameworks;
		};
/* End PBXContainerItemProxy section */

/* Begin PBXCopyFilesBuildPhase section */
		E4C2427710CC5ABF004149E2 /* CopyFiles */ = {
			isa = PBXCopyFilesBuildPhase;
			buildActionMask = 2147483647;
			dstPath = "";
			dstSubfolderSpec = 10;
			files = (
				BBAB23CB13894F3D00AA2426 /* GLUT.framework in CopyFiles */,
			);
			runOnlyForDeploymentPostprocessing = 0;
		};
/* End PBXCopyFilesBuildPhase section */

/* Begin PBXFileReference section */
		01DCC0911400F9ACF5B65578 /* ofxXmlSettings.h */ = {isa = PBXFileReference; explicitFileType = sourcecode.c.h; fileEncoding = 30; name = ofxXmlSettings.h; path = ../../../addons/ofxXmlSettings/src/ofxXmlSettings.h; sourceTree = SOURCE_ROOT; };
		22D06D986AE2C99CD284FF3B /* triangle.h */ = {isa = PBXFileReference; explicitFileType = sourcecode.c.h; fileEncoding = 30; name = triangle.h; path = ../../../addons/ofxTriangle/libs/Triangle/include/triangle.h; sourceTree = SOURCE_ROOT; };
		2B40EDA85BEB63E46785BC29 /* tinyxml.cpp */ = {isa = PBXFileReference; explicitFileType = sourcecode.cpp.cpp; fileEncoding = 30; name = tinyxml.cpp; path = ../../../addons/ofxXmlSettings/libs/tinyxml.cpp; sourceTree = SOURCE_ROOT; };
		2F690304855C0AC1251BA32E /* assert.hpp */ = {isa = PBXFileReference; explicitFileType = sourcecode.c.h; fileEncoding = 30; name = assert.hpp; path = ../../../addons/ofxTriangle/libs/Triangle/include/assert.hpp; sourceTree = SOURCE_ROOT; };
		3E5DE2C3B5B2F24F019ECAC9 /* triangle_impl.hpp */ = {isa = PBXFileReference; explicitFileType = sourcecode.c.h; fileEncoding = 30; name = triangle_impl.hpp; path = ../../../addons/ofxTriangle/libs/Triangle/include/triangle_impl.hpp; sourceTree = SOURCE_ROOT; };
		50DF87D612C5AAE17AAFA6C0 /* ofxXmlSettings.cpp */ = {isa = PBXFileReference; explicitFileType = sourcecode.cpp.cpp; fileEncoding = 30; name = ofxXmlSettings.cpp; path = ../../../addons/ofxXmlSettings/src/ofxXmlSettings.cpp; sourceTree = SOURCE_ROOT; };
		5B58BF03F54854C49C0E8D21 /* del_impl.cpp */ = {isa = PBXFileReference; explicitFileType = sourcecode.cpp.cpp; fileEncoding = 30; name = del_impl.cpp; path = ../../../addons/ofxTriangle/libs/Triangle/src/del_impl.cpp; sourceTree = SOURCE_ROOT; };
		7B928DEF9B0ED0E1AEFA99EE /* ofxTriangle.cpp */ = {isa = PBXFileReference; explicitFileType = sourcecode.cpp.cpp; fileEncoding = 30; name = ofxTriangle.cpp; path = ../../../addons/ofxTriangle/src/ofxTriangle.cpp; sourceTree = SOURCE_ROOT; };
		832BDC407620CDBA568B713D /* tinyxmlerror.cpp */ = {isa = PBXFileReference; explicitFileType = sourcecode.cpp.cpp; fileEncoding = 30; name = tinyxmlerror.cpp; path = ../../../addons/ofxXmlSettings/libs/tinyxmlerror.cpp; sourceTree = SOURCE_ROOT; };
		84206A081B3A654E00DEB5B4 /* Homography.h */ = {isa = PBXFileReference; lastKnownFileType = sourcecode.c.h; path = Homography.h; sourceTree = "<group>"; };
		84206A091B3A66AC00DEB5B4 /* Homography.cpp */ = {isa = PBXFileReference; fileEncoding = 4; lastKnownFileType = sourcecode.cpp.cpp; path = Homography.cpp; sourceTree = "<group>"; };
		846F11211B36873D0071ADAC /* Canvas.cpp */ = {isa = PBXFileReference; lastKnownFileType = sourcecode.cpp.cpp; path = Canvas.cpp; sourceTree = "<group>"; };
		846F11221B36873D0071ADAC /* Canvas.h */ = {isa = PBXFileReference; lastKnownFileType = sourcecode.c.h; path = Canvas.h; sourceTree = "<group>"; };
		846F11231B36873D0071ADAC /* MaskFrame.cpp */ = {isa = PBXFileReference; lastKnownFileType = sourcecode.cpp.cpp; path = MaskFrame.cpp; sourceTree = "<group>"; };
		846F11241B36873D0071ADAC /* MaskFrame.h */ = {isa = PBXFileReference; lastKnownFileType = sourcecode.c.h; path = MaskFrame.h; sourceTree = "<group>"; };
		846F11251B36873D0071ADAC /* TextArea.cpp */ = {isa = PBXFileReference; lastKnownFileType = sourcecode.cpp.cpp; path = TextArea.cpp; sourceTree = "<group>"; };
		846F11261B36873D0071ADAC /* TextArea.h */ = {isa = PBXFileReference; lastKnownFileType = sourcecode.c.h; path = TextArea.h; sourceTree = "<group>"; };
		846F11281B36873D0071ADAC /* CanvasContents.cpp */ = {isa = PBXFileReference; lastKnownFileType = sourcecode.cpp.cpp; path = CanvasContents.cpp; sourceTree = "<group>"; };
		846F11291B36873D0071ADAC /* CanvasContents.h */ = {isa = PBXFileReference; lastKnownFileType = sourcecode.c.h; path = CanvasContents.h; sourceTree = "<group>"; };
		846F112A1B36873D0071ADAC /* SafeDeque.cpp */ = {isa = PBXFileReference; lastKnownFileType = sourcecode.cpp.cpp; path = SafeDeque.cpp; sourceTree = "<group>"; };
		846F112B1B36873D0071ADAC /* SafeDeque.h */ = {isa = PBXFileReference; lastKnownFileType = sourcecode.c.h; path = SafeDeque.h; sourceTree = "<group>"; };
		846F112C1B36873D0071ADAC /* Mouse.cpp */ = {isa = PBXFileReference; lastKnownFileType = sourcecode.cpp.cpp; path = Mouse.cpp; sourceTree = "<group>"; };
		846F112D1B36873D0071ADAC /* Mouse.h */ = {isa = PBXFileReference; lastKnownFileType = sourcecode.c.h; path = Mouse.h; sourceTree = "<group>"; };
		846F112F1B36873D0071ADAC /* DragHandle.cpp */ = {isa = PBXFileReference; lastKnownFileType = sourcecode.cpp.cpp; path = DragHandle.cpp; sourceTree = "<group>"; };
		846F11301B36873D0071ADAC /* DragHandle.h */ = {isa = PBXFileReference; lastKnownFileType = sourcecode.c.h; path = DragHandle.h; sourceTree = "<group>"; };
		846F11311B36873D0071ADAC /* MaskPoint.cpp */ = {isa = PBXFileReference; lastKnownFileType = sourcecode.cpp.cpp; path = MaskPoint.cpp; sourceTree = "<group>"; };
		846F11321B36873D0071ADAC /* MaskPoint.h */ = {isa = PBXFileReference; lastKnownFileType = sourcecode.c.h; path = MaskPoint.h; sourceTree = "<group>"; };
		846F11331B36873D0071ADAC /* PointObject.cpp */ = {isa = PBXFileReference; lastKnownFileType = sourcecode.cpp.cpp; path = PointObject.cpp; sourceTree = "<group>"; };
		846F11341B36873D0071ADAC /* PointObject.h */ = {isa = PBXFileReference; lastKnownFileType = sourcecode.c.h; path = PointObject.h; sourceTree = "<group>"; };
		846F11351B36873D0071ADAC /* ofExtensions.cpp */ = {isa = PBXFileReference; lastKnownFileType = sourcecode.cpp.cpp; path = ofExtensions.cpp; sourceTree = "<group>"; };
		846F11361B36873D0071ADAC /* ofExtensions.h */ = {isa = PBXFileReference; lastKnownFileType = sourcecode.c.h; path = ofExtensions.h; sourceTree = "<group>"; };
		846F11371B36873D0071ADAC /* ofxProjectionMask.cpp */ = {isa = PBXFileReference; lastKnownFileType = sourcecode.cpp.cpp; path = ofxProjectionMask.cpp; sourceTree = "<group>"; };
		846F11381B36873D0071ADAC /* ofxProjectionMask.h */ = {isa = PBXFileReference; lastKnownFileType = sourcecode.c.h; path = ofxProjectionMask.h; sourceTree = "<group>"; };
		846F113A1B36873D0071ADAC /* BufferPattern.cpp */ = {isa = PBXFileReference; lastKnownFileType = sourcecode.cpp.cpp; path = BufferPattern.cpp; sourceTree = "<group>"; };
		846F113B1B36873D0071ADAC /* BufferPattern.h */ = {isa = PBXFileReference; lastKnownFileType = sourcecode.c.h; path = BufferPattern.h; sourceTree = "<group>"; };
		846F113D1B36873D0071ADAC /* ArgumentPattern.cpp */ = {isa = PBXFileReference; lastKnownFileType = sourcecode.cpp.cpp; path = ArgumentPattern.cpp; sourceTree = "<group>"; };
		846F113E1B36873D0071ADAC /* ArgumentPattern.h */ = {isa = PBXFileReference; lastKnownFileType = sourcecode.c.h; path = ArgumentPattern.h; sourceTree = "<group>"; };
		846F113F1B36873D0071ADAC /* HueCyclePattern.cpp */ = {isa = PBXFileReference; lastKnownFileType = sourcecode.cpp.cpp; path = HueCyclePattern.cpp; sourceTree = "<group>"; };
		846F11401B36873D0071ADAC /* HueCyclePattern.h */ = {isa = PBXFileReference; lastKnownFileType = sourcecode.c.h; path = HueCyclePattern.h; sourceTree = "<group>"; };
		846F11411B36873D0071ADAC /* SetupPattern.cpp */ = {isa = PBXFileReference; lastKnownFileType = sourcecode.cpp.cpp; path = SetupPattern.cpp; sourceTree = "<group>"; };
		846F11421B36873D0071ADAC /* SetupPattern.h */ = {isa = PBXFileReference; lastKnownFileType = sourcecode.c.h; path = SetupPattern.h; sourceTree = "<group>"; };
		846F11431B36873D0071ADAC /* Presets.cpp */ = {isa = PBXFileReference; lastKnownFileType = sourcecode.cpp.cpp; path = Presets.cpp; sourceTree = "<group>"; };
		846F11441B36873D0071ADAC /* Presets.h */ = {isa = PBXFileReference; lastKnownFileType = sourcecode.c.h; path = Presets.h; sourceTree = "<group>"; };
		846F11461B36873D0071ADAC /* Xml.cpp */ = {isa = PBXFileReference; lastKnownFileType = sourcecode.cpp.cpp; path = Xml.cpp; sourceTree = "<group>"; };
		846F11471B36873D0071ADAC /* Xml.h */ = {isa = PBXFileReference; lastKnownFileType = sourcecode.c.h; path = Xml.h; sourceTree = "<group>"; };
		846F11601B368A010071ADAC /* YourCustomPattern.cpp */ = {isa = PBXFileReference; lastKnownFileType = sourcecode.cpp.cpp; path = YourCustomPattern.cpp; sourceTree = "<group>"; };
		846F11611B368A010071ADAC /* YourCustomPattern.h */ = {isa = PBXFileReference; lastKnownFileType = sourcecode.c.h; path = YourCustomPattern.h; sourceTree = "<group>"; };
		84BCC19F1B374BDE00CCC5F3 /* ofxLayerMask.cpp */ = {isa = PBXFileReference; lastKnownFileType = sourcecode.cpp.cpp; path = ofxLayerMask.cpp; sourceTree = "<group>"; };
		84BCC1A01B374BDE00CCC5F3 /* ofxLayerMask.h */ = {isa = PBXFileReference; lastKnownFileType = sourcecode.c.h; path = ofxLayerMask.h; sourceTree = "<group>"; };
		84BCC1A21B374BDE00CCC5F3 /* alphaMask_ES2.frag */ = {isa = PBXFileReference; lastKnownFileType = sourcecode.glsl; path = alphaMask_ES2.frag; sourceTree = "<group>"; };
		84BCC1A31B374BDE00CCC5F3 /* alphaMask_ES2.vert */ = {isa = PBXFileReference; lastKnownFileType = sourcecode.glsl; path = alphaMask_ES2.vert; sourceTree = "<group>"; };
		84BCC1A41B374BDE00CCC5F3 /* alphaMask_GL2.frag */ = {isa = PBXFileReference; lastKnownFileType = sourcecode.glsl; path = alphaMask_GL2.frag; sourceTree = "<group>"; };
		84BCC1A51B374BDE00CCC5F3 /* alphaMask_GL2.vert */ = {isa = PBXFileReference; lastKnownFileType = sourcecode.glsl; path = alphaMask_GL2.vert; sourceTree = "<group>"; };
		84BCC1A61B374BDE00CCC5F3 /* alphaMask_GL3.frag */ = {isa = PBXFileReference; lastKnownFileType = sourcecode.glsl; path = alphaMask_GL3.frag; sourceTree = "<group>"; };
		84BCC1A71B374BDE00CCC5F3 /* alphaMask_GL3.vert */ = {isa = PBXFileReference; lastKnownFileType = sourcecode.glsl; path = alphaMask_GL3.vert; sourceTree = "<group>"; };
		95CC17619159CA7FBA37A39F /* assert.cpp */ = {isa = PBXFileReference; explicitFileType = sourcecode.cpp.cpp; fileEncoding = 30; name = assert.cpp; path = ../../../addons/ofxTriangle/libs/Triangle/src/assert.cpp; sourceTree = SOURCE_ROOT; };
		B21E7E5F548EEA92F368040B /* tinyxml.h */ = {isa = PBXFileReference; explicitFileType = sourcecode.c.h; fileEncoding = 30; name = tinyxml.h; path = ../../../addons/ofxXmlSettings/libs/tinyxml.h; sourceTree = SOURCE_ROOT; };
		BBAB23BE13894E4700AA2426 /* GLUT.framework */ = {isa = PBXFileReference; lastKnownFileType = wrapper.framework; name = GLUT.framework; path = ../../../libs/glut/lib/osx/GLUT.framework; sourceTree = "<group>"; };
		C20C3D6ECADBDED32AF7A858 /* ofxTriangle.h */ = {isa = PBXFileReference; explicitFileType = sourcecode.c.h; fileEncoding = 30; name = ofxTriangle.h; path = ../../../addons/ofxTriangle/src/ofxTriangle.h; sourceTree = SOURCE_ROOT; };
		E4328143138ABC890047C5CB /* openFrameworksLib.xcodeproj */ = {isa = PBXFileReference; lastKnownFileType = "wrapper.pb-project"; name = openFrameworksLib.xcodeproj; path = ../../../libs/openFrameworksCompiled/project/osx/openFrameworksLib.xcodeproj; sourceTree = SOURCE_ROOT; };
		E45BE9710E8CC7DD009D7055 /* AGL.framework */ = {isa = PBXFileReference; lastKnownFileType = wrapper.framework; name = AGL.framework; path = /System/Library/Frameworks/AGL.framework; sourceTree = "<absolute>"; };
		E45BE9720E8CC7DD009D7055 /* ApplicationServices.framework */ = {isa = PBXFileReference; lastKnownFileType = wrapper.framework; name = ApplicationServices.framework; path = /System/Library/Frameworks/ApplicationServices.framework; sourceTree = "<absolute>"; };
		E45BE9730E8CC7DD009D7055 /* AudioToolbox.framework */ = {isa = PBXFileReference; lastKnownFileType = wrapper.framework; name = AudioToolbox.framework; path = /System/Library/Frameworks/AudioToolbox.framework; sourceTree = "<absolute>"; };
		E45BE9750E8CC7DD009D7055 /* CoreAudio.framework */ = {isa = PBXFileReference; lastKnownFileType = wrapper.framework; name = CoreAudio.framework; path = /System/Library/Frameworks/CoreAudio.framework; sourceTree = "<absolute>"; };
		E45BE9760E8CC7DD009D7055 /* CoreFoundation.framework */ = {isa = PBXFileReference; lastKnownFileType = wrapper.framework; name = CoreFoundation.framework; path = /System/Library/Frameworks/CoreFoundation.framework; sourceTree = "<absolute>"; };
		E45BE9770E8CC7DD009D7055 /* CoreServices.framework */ = {isa = PBXFileReference; lastKnownFileType = wrapper.framework; name = CoreServices.framework; path = /System/Library/Frameworks/CoreServices.framework; sourceTree = "<absolute>"; };
		E45BE9790E8CC7DD009D7055 /* OpenGL.framework */ = {isa = PBXFileReference; lastKnownFileType = wrapper.framework; name = OpenGL.framework; path = /System/Library/Frameworks/OpenGL.framework; sourceTree = "<absolute>"; };
		E45BE97A0E8CC7DD009D7055 /* QuickTime.framework */ = {isa = PBXFileReference; lastKnownFileType = wrapper.framework; name = QuickTime.framework; path = /System/Library/Frameworks/QuickTime.framework; sourceTree = "<absolute>"; };
		E4B69B5B0A3A1756003C02F2 /* exampleDebug.app */ = {isa = PBXFileReference; explicitFileType = wrapper.application; includeInIndex = 0; path = exampleDebug.app; sourceTree = BUILT_PRODUCTS_DIR; };
		E4B69E1D0A3A1BDC003C02F2 /* main.cpp */ = {isa = PBXFileReference; fileEncoding = 30; lastKnownFileType = sourcecode.cpp.cpp; name = main.cpp; path = src/main.cpp; sourceTree = SOURCE_ROOT; };
		E4B69E1E0A3A1BDC003C02F2 /* ofApp.cpp */ = {isa = PBXFileReference; explicitFileType = sourcecode.cpp.cpp; fileEncoding = 30; name = ofApp.cpp; path = src/ofApp.cpp; sourceTree = SOURCE_ROOT; };
		E4B69E1F0A3A1BDC003C02F2 /* ofApp.h */ = {isa = PBXFileReference; fileEncoding = 30; lastKnownFileType = sourcecode.c.h; name = ofApp.h; path = src/ofApp.h; sourceTree = SOURCE_ROOT; };
		E4B6FCAD0C3E899E008CF71C /* openFrameworks-Info.plist */ = {isa = PBXFileReference; fileEncoding = 30; lastKnownFileType = text.plist.xml; path = "openFrameworks-Info.plist"; sourceTree = "<group>"; };
		E4C2424410CC5A17004149E2 /* AppKit.framework */ = {isa = PBXFileReference; lastKnownFileType = wrapper.framework; name = AppKit.framework; path = /System/Library/Frameworks/AppKit.framework; sourceTree = "<absolute>"; };
		E4C2424510CC5A17004149E2 /* Cocoa.framework */ = {isa = PBXFileReference; lastKnownFileType = wrapper.framework; name = Cocoa.framework; path = /System/Library/Frameworks/Cocoa.framework; sourceTree = "<absolute>"; };
		E4C2424610CC5A17004149E2 /* IOKit.framework */ = {isa = PBXFileReference; lastKnownFileType = wrapper.framework; name = IOKit.framework; path = /System/Library/Frameworks/IOKit.framework; sourceTree = "<absolute>"; };
		E4EB691F138AFCF100A09F29 /* CoreOF.xcconfig */ = {isa = PBXFileReference; fileEncoding = 4; lastKnownFileType = text.xcconfig; name = CoreOF.xcconfig; path = ../../../libs/openFrameworksCompiled/project/osx/CoreOF.xcconfig; sourceTree = SOURCE_ROOT; };
		E4EB6923138AFD0F00A09F29 /* Project.xcconfig */ = {isa = PBXFileReference; fileEncoding = 4; lastKnownFileType = text.xcconfig; path = Project.xcconfig; sourceTree = "<group>"; };
		E7E077E415D3B63C0020DFD4 /* CoreVideo.framework */ = {isa = PBXFileReference; lastKnownFileType = wrapper.framework; name = CoreVideo.framework; path = /System/Library/Frameworks/CoreVideo.framework; sourceTree = "<absolute>"; };
		E7E077E715D3B6510020DFD4 /* QTKit.framework */ = {isa = PBXFileReference; lastKnownFileType = wrapper.framework; name = QTKit.framework; path = /System/Library/Frameworks/QTKit.framework; sourceTree = "<absolute>"; };
		E7F985F515E0DE99003869B5 /* Accelerate.framework */ = {isa = PBXFileReference; lastKnownFileType = wrapper.framework; name = Accelerate.framework; path = /System/Library/Frameworks/Accelerate.framework; sourceTree = "<absolute>"; };
		EA106A0D1EE95638A8C8AE12 /* dpoint.hpp */ = {isa = PBXFileReference; explicitFileType = sourcecode.c.h; fileEncoding = 30; name = dpoint.hpp; path = ../../../addons/ofxTriangle/libs/Triangle/include/dpoint.hpp; sourceTree = SOURCE_ROOT; };
		EBFC66C6B2C360ED715A393B /* del_interface.hpp */ = {isa = PBXFileReference; explicitFileType = sourcecode.c.h; fileEncoding = 30; name = del_interface.hpp; path = ../../../addons/ofxTriangle/libs/Triangle/include/del_interface.hpp; sourceTree = SOURCE_ROOT; };
		F6CD5194C7EEB1B621758398 /* ofxSecondWindow.cpp */ = {isa = PBXFileReference; explicitFileType = sourcecode.cpp.cpp; fileEncoding = 30; name = ofxSecondWindow.cpp; path = ../../../addons/ofxSecondWindow/src/ofxSecondWindow.cpp; sourceTree = SOURCE_ROOT; };
		F905D46EF2AE96B79CEF0609 /* ofxSecondWindow.h */ = {isa = PBXFileReference; explicitFileType = sourcecode.c.h; fileEncoding = 30; name = ofxSecondWindow.h; path = ../../../addons/ofxSecondWindow/src/ofxSecondWindow.h; sourceTree = SOURCE_ROOT; };
		FC5DA1C87211D4F6377DA719 /* tinyxmlparser.cpp */ = {isa = PBXFileReference; explicitFileType = sourcecode.cpp.cpp; fileEncoding = 30; name = tinyxmlparser.cpp; path = ../../../addons/ofxXmlSettings/libs/tinyxmlparser.cpp; sourceTree = SOURCE_ROOT; };
/* End PBXFileReference section */

/* Begin PBXFrameworksBuildPhase section */
		E4B69B590A3A1756003C02F2 /* Frameworks */ = {
			isa = PBXFrameworksBuildPhase;
			buildActionMask = 2147483647;
			files = (
				E7F985F815E0DEA3003869B5 /* Accelerate.framework in Frameworks */,
				E7E077E815D3B6510020DFD4 /* QTKit.framework in Frameworks */,
				E4EB6799138ADC1D00A09F29 /* GLUT.framework in Frameworks */,
				E4328149138ABC9F0047C5CB /* openFrameworksDebug.a in Frameworks */,
				E45BE97B0E8CC7DD009D7055 /* AGL.framework in Frameworks */,
				E45BE97C0E8CC7DD009D7055 /* ApplicationServices.framework in Frameworks */,
				E45BE97D0E8CC7DD009D7055 /* AudioToolbox.framework in Frameworks */,
				E45BE97F0E8CC7DD009D7055 /* CoreAudio.framework in Frameworks */,
				E45BE9800E8CC7DD009D7055 /* CoreFoundation.framework in Frameworks */,
				E45BE9810E8CC7DD009D7055 /* CoreServices.framework in Frameworks */,
				E45BE9830E8CC7DD009D7055 /* OpenGL.framework in Frameworks */,
				E45BE9840E8CC7DD009D7055 /* QuickTime.framework in Frameworks */,
				E4C2424710CC5A17004149E2 /* AppKit.framework in Frameworks */,
				E4C2424810CC5A17004149E2 /* Cocoa.framework in Frameworks */,
				E4C2424910CC5A17004149E2 /* IOKit.framework in Frameworks */,
				E7E077E515D3B63C0020DFD4 /* CoreVideo.framework in Frameworks */,
			);
			runOnlyForDeploymentPostprocessing = 0;
		};
/* End PBXFrameworksBuildPhase section */

/* Begin PBXGroup section */
		098126D627B3CF52BE4C8ED0 /* ofxTriangle */ = {
			isa = PBXGroup;
			children = (
				229F56F912BE6E2F785205DA /* src */,
				40AFB95CB9B438A51A7006FA /* libs */,
			);
			name = ofxTriangle;
			sourceTree = "<group>";
		};
		1F4FB5C423662B96ADFDCC0B /* ofxXmlSettings */ = {
			isa = PBXGroup;
			children = (
				6ECEF0D76BC33727823EADFF /* src */,
				6E54289412D2D94F45A05113 /* libs */,
			);
			name = ofxXmlSettings;
			sourceTree = "<group>";
		};
		229F56F912BE6E2F785205DA /* src */ = {
			isa = PBXGroup;
			children = (
				7B928DEF9B0ED0E1AEFA99EE /* ofxTriangle.cpp */,
				C20C3D6ECADBDED32AF7A858 /* ofxTriangle.h */,
			);
			name = src;
			sourceTree = "<group>";
		};
		37EEFE9F7B252EA155DFB073 /* include */ = {
			isa = PBXGroup;
			children = (
				2F690304855C0AC1251BA32E /* assert.hpp */,
				EBFC66C6B2C360ED715A393B /* del_interface.hpp */,
				EA106A0D1EE95638A8C8AE12 /* dpoint.hpp */,
				22D06D986AE2C99CD284FF3B /* triangle.h */,
				3E5DE2C3B5B2F24F019ECAC9 /* triangle_impl.hpp */,
			);
			name = include;
			sourceTree = "<group>";
		};
		40AFB95CB9B438A51A7006FA /* libs */ = {
			isa = PBXGroup;
			children = (
				D913B0E7F83503091319881D /* Triangle */,
			);
			name = libs;
			sourceTree = "<group>";
		};
		4373A30F72067F000063CFF4 /* src */ = {
			isa = PBXGroup;
			children = (
				F6CD5194C7EEB1B621758398 /* ofxSecondWindow.cpp */,
				F905D46EF2AE96B79CEF0609 /* ofxSecondWindow.h */,
			);
			name = src;
			sourceTree = "<group>";
		};
		6E54289412D2D94F45A05113 /* libs */ = {
			isa = PBXGroup;
			children = (
				2B40EDA85BEB63E46785BC29 /* tinyxml.cpp */,
				B21E7E5F548EEA92F368040B /* tinyxml.h */,
				832BDC407620CDBA568B713D /* tinyxmlerror.cpp */,
				FC5DA1C87211D4F6377DA719 /* tinyxmlparser.cpp */,
			);
			name = libs;
			sourceTree = "<group>";
		};
		6ECEF0D76BC33727823EADFF /* src */ = {
			isa = PBXGroup;
			children = (
				50DF87D612C5AAE17AAFA6C0 /* ofxXmlSettings.cpp */,
				01DCC0911400F9ACF5B65578 /* ofxXmlSettings.h */,
			);
			name = src;
			sourceTree = "<group>";
		};
		846F111D1B36873D0071ADAC /* ofxProjectionMask */ = {
			isa = PBXGroup;
			children = (
				846F111E1B36873D0071ADAC /* src */,
			);
			name = ofxProjectionMask;
			sourceTree = "<group>";
		};
		846F111E1B36873D0071ADAC /* src */ = {
			isa = PBXGroup;
			children = (
				846F111F1B36873D0071ADAC /* Drawing */,
				846F11351B36873D0071ADAC /* ofExtensions.cpp */,
				846F11361B36873D0071ADAC /* ofExtensions.h */,
				846F11371B36873D0071ADAC /* ofxProjectionMask.cpp */,
				846F11381B36873D0071ADAC /* ofxProjectionMask.h */,
				846F11391B36873D0071ADAC /* Patterns */,
				846F11431B36873D0071ADAC /* Presets.cpp */,
				846F11441B36873D0071ADAC /* Presets.h */,
				846F11451B36873D0071ADAC /* Storage */,
			);
			name = src;
			path = ../../../addons/ofxProjectionMask/src;
			sourceTree = "<group>";
		};
		846F111F1B36873D0071ADAC /* Drawing */ = {
			isa = PBXGroup;
			children = (
				846F11201B36873D0071ADAC /* Areas */,
				846F11271B36873D0071ADAC /* Collections */,
				846F112C1B36873D0071ADAC /* Mouse.cpp */,
				846F112D1B36873D0071ADAC /* Mouse.h */,
				846F112E1B36873D0071ADAC /* Points */,
				84206A091B3A66AC00DEB5B4 /* Homography.cpp */,
				84206A081B3A654E00DEB5B4 /* Homography.h */,
			);
			path = Drawing;
			sourceTree = "<group>";
		};
		846F11201B36873D0071ADAC /* Areas */ = {
			isa = PBXGroup;
			children = (
				846F11211B36873D0071ADAC /* Canvas.cpp */,
				846F11221B36873D0071ADAC /* Canvas.h */,
				846F11231B36873D0071ADAC /* MaskFrame.cpp */,
				846F11241B36873D0071ADAC /* MaskFrame.h */,
				846F11251B36873D0071ADAC /* TextArea.cpp */,
				846F11261B36873D0071ADAC /* TextArea.h */,
			);
			path = Areas;
			sourceTree = "<group>";
		};
		846F11271B36873D0071ADAC /* Collections */ = {
			isa = PBXGroup;
			children = (
				846F11281B36873D0071ADAC /* CanvasContents.cpp */,
				846F11291B36873D0071ADAC /* CanvasContents.h */,
				846F112A1B36873D0071ADAC /* SafeDeque.cpp */,
				846F112B1B36873D0071ADAC /* SafeDeque.h */,
			);
			path = Collections;
			sourceTree = "<group>";
		};
		846F112E1B36873D0071ADAC /* Points */ = {
			isa = PBXGroup;
			children = (
				846F112F1B36873D0071ADAC /* DragHandle.cpp */,
				846F11301B36873D0071ADAC /* DragHandle.h */,
				846F11311B36873D0071ADAC /* MaskPoint.cpp */,
				846F11321B36873D0071ADAC /* MaskPoint.h */,
				846F11331B36873D0071ADAC /* PointObject.cpp */,
				846F11341B36873D0071ADAC /* PointObject.h */,
			);
			path = Points;
			sourceTree = "<group>";
		};
		846F11391B36873D0071ADAC /* Patterns */ = {
			isa = PBXGroup;
			children = (
				846F113A1B36873D0071ADAC /* BufferPattern.cpp */,
				846F113B1B36873D0071ADAC /* BufferPattern.h */,
				846F113C1B36873D0071ADAC /* TestPatterns */,
			);
			path = Patterns;
			sourceTree = "<group>";
		};
		846F113C1B36873D0071ADAC /* TestPatterns */ = {
			isa = PBXGroup;
			children = (
				846F113D1B36873D0071ADAC /* ArgumentPattern.cpp */,
				846F113E1B36873D0071ADAC /* ArgumentPattern.h */,
				846F113F1B36873D0071ADAC /* HueCyclePattern.cpp */,
				846F11401B36873D0071ADAC /* HueCyclePattern.h */,
				846F11411B36873D0071ADAC /* SetupPattern.cpp */,
				846F11421B36873D0071ADAC /* SetupPattern.h */,
			);
			path = TestPatterns;
			sourceTree = "<group>";
		};
		846F11451B36873D0071ADAC /* Storage */ = {
			isa = PBXGroup;
			children = (
				846F11461B36873D0071ADAC /* Xml.cpp */,
				846F11471B36873D0071ADAC /* Xml.h */,
			);
			path = Storage;
			sourceTree = "<group>";
		};
		846F115F1B368A010071ADAC /* Patterns */ = {
			isa = PBXGroup;
			children = (
				846F11601B368A010071ADAC /* YourCustomPattern.cpp */,
				846F11611B368A010071ADAC /* YourCustomPattern.h */,
			);
			path = Patterns;
			sourceTree = "<group>";
		};
		84BCC19D1B374BDE00CCC5F3 /* ofxLayerMask */ = {
			isa = PBXGroup;
			children = (
				84BCC19E1B374BDE00CCC5F3 /* src */,
			);
			name = ofxLayerMask;
			sourceTree = "<group>";
		};
		84BCC19E1B374BDE00CCC5F3 /* src */ = {
			isa = PBXGroup;
			children = (
				84BCC19F1B374BDE00CCC5F3 /* ofxLayerMask.cpp */,
				84BCC1A01B374BDE00CCC5F3 /* ofxLayerMask.h */,
				84BCC1A11B374BDE00CCC5F3 /* shader */,
			);
			name = src;
			path = ../../ofxLayerMask/src;
			sourceTree = "<group>";
		};
		84BCC1A11B374BDE00CCC5F3 /* shader */ = {
			isa = PBXGroup;
			children = (
				84BCC1A21B374BDE00CCC5F3 /* alphaMask_ES2.frag */,
				84BCC1A31B374BDE00CCC5F3 /* alphaMask_ES2.vert */,
				84BCC1A41B374BDE00CCC5F3 /* alphaMask_GL2.frag */,
				84BCC1A51B374BDE00CCC5F3 /* alphaMask_GL2.vert */,
				84BCC1A61B374BDE00CCC5F3 /* alphaMask_GL3.frag */,
				84BCC1A71B374BDE00CCC5F3 /* alphaMask_GL3.vert */,
			);
			path = shader;
			sourceTree = "<group>";
		};
		97DC4EE352691FC2C5556C7B /* src */ = {
			isa = PBXGroup;
			children = (
				95CC17619159CA7FBA37A39F /* assert.cpp */,
				5B58BF03F54854C49C0E8D21 /* del_impl.cpp */,
			);
			name = src;
			sourceTree = "<group>";
		};
		BB4B014C10F69532006C3DED /* addons */ = {
			isa = PBXGroup;
			children = (
				84BCC19D1B374BDE00CCC5F3 /* ofxLayerMask */,
				846F111D1B36873D0071ADAC /* ofxProjectionMask */,
				1F4FB5C423662B96ADFDCC0B /* ofxXmlSettings */,
				EDD1D727C7914867117F6F92 /* ofxSecondWindow */,
				098126D627B3CF52BE4C8ED0 /* ofxTriangle */,
			);
			name = addons;
			sourceTree = "<group>";
		};
		BBAB23C913894ECA00AA2426 /* system frameworks */ = {
			isa = PBXGroup;
			children = (
				E7F985F515E0DE99003869B5 /* Accelerate.framework */,
				E4C2424410CC5A17004149E2 /* AppKit.framework */,
				E4C2424510CC5A17004149E2 /* Cocoa.framework */,
				E4C2424610CC5A17004149E2 /* IOKit.framework */,
				E45BE9710E8CC7DD009D7055 /* AGL.framework */,
				E45BE9720E8CC7DD009D7055 /* ApplicationServices.framework */,
				E45BE9730E8CC7DD009D7055 /* AudioToolbox.framework */,
				E45BE9750E8CC7DD009D7055 /* CoreAudio.framework */,
				E45BE9760E8CC7DD009D7055 /* CoreFoundation.framework */,
				E45BE9770E8CC7DD009D7055 /* CoreServices.framework */,
				E45BE9790E8CC7DD009D7055 /* OpenGL.framework */,
				E45BE97A0E8CC7DD009D7055 /* QuickTime.framework */,
				E7E077E415D3B63C0020DFD4 /* CoreVideo.framework */,
				E7E077E715D3B6510020DFD4 /* QTKit.framework */,
			);
			name = "system frameworks";
			sourceTree = "<group>";
		};
		BBAB23CA13894EDB00AA2426 /* 3rd party frameworks */ = {
			isa = PBXGroup;
			children = (
				BBAB23BE13894E4700AA2426 /* GLUT.framework */,
			);
			name = "3rd party frameworks";
			sourceTree = "<group>";
		};
		D913B0E7F83503091319881D /* Triangle */ = {
			isa = PBXGroup;
			children = (
				37EEFE9F7B252EA155DFB073 /* include */,
				97DC4EE352691FC2C5556C7B /* src */,
			);
			name = Triangle;
			sourceTree = "<group>";
		};
		E4328144138ABC890047C5CB /* Products */ = {
			isa = PBXGroup;
			children = (
				E4328148138ABC890047C5CB /* openFrameworksDebug.a */,
			);
			name = Products;
			sourceTree = "<group>";
		};
		E45BE5980E8CC70C009D7055 /* frameworks */ = {
			isa = PBXGroup;
			children = (
				BBAB23CA13894EDB00AA2426 /* 3rd party frameworks */,
				BBAB23C913894ECA00AA2426 /* system frameworks */,
			);
			name = frameworks;
			sourceTree = "<group>";
		};
		E4B69B4A0A3A1720003C02F2 = {
			isa = PBXGroup;
			children = (
				E4B6FCAD0C3E899E008CF71C /* openFrameworks-Info.plist */,
				E4EB6923138AFD0F00A09F29 /* Project.xcconfig */,
				E4B69E1C0A3A1BDC003C02F2 /* src */,
				E4EEC9E9138DF44700A80321 /* openFrameworks */,
				BB4B014C10F69532006C3DED /* addons */,
				E45BE5980E8CC70C009D7055 /* frameworks */,
				E4B69B5B0A3A1756003C02F2 /* exampleDebug.app */,
			);
			sourceTree = "<group>";
		};
		E4B69E1C0A3A1BDC003C02F2 /* src */ = {
			isa = PBXGroup;
			children = (
				E4B69E1D0A3A1BDC003C02F2 /* main.cpp */,
				E4B69E1E0A3A1BDC003C02F2 /* ofApp.cpp */,
				E4B69E1F0A3A1BDC003C02F2 /* ofApp.h */,
				846F115F1B368A010071ADAC /* Patterns */,
			);
			path = src;
			sourceTree = SOURCE_ROOT;
		};
		E4EEC9E9138DF44700A80321 /* openFrameworks */ = {
			isa = PBXGroup;
			children = (
				E4EB691F138AFCF100A09F29 /* CoreOF.xcconfig */,
				E4328143138ABC890047C5CB /* openFrameworksLib.xcodeproj */,
			);
			name = openFrameworks;
			sourceTree = "<group>";
		};
		EDD1D727C7914867117F6F92 /* ofxSecondWindow */ = {
			isa = PBXGroup;
			children = (
				4373A30F72067F000063CFF4 /* src */,
			);
			name = ofxSecondWindow;
			sourceTree = "<group>";
		};
/* End PBXGroup section */

/* Begin PBXNativeTarget section */
		E4B69B5A0A3A1756003C02F2 /* example */ = {
			isa = PBXNativeTarget;
			buildConfigurationList = E4B69B5F0A3A1757003C02F2 /* Build configuration list for PBXNativeTarget "example" */;
			buildPhases = (
				E4B69B580A3A1756003C02F2 /* Sources */,
				E4B69B590A3A1756003C02F2 /* Frameworks */,
				E4B6FFFD0C3F9AB9008CF71C /* ShellScript */,
				E4C2427710CC5ABF004149E2 /* CopyFiles */,
			);
			buildRules = (
			);
			dependencies = (
				E4EEB9AC138B136A00A80321 /* PBXTargetDependency */,
			);
			name = example;
			productName = myOFApp;
			productReference = E4B69B5B0A3A1756003C02F2 /* exampleDebug.app */;
			productType = "com.apple.product-type.application";
		};
/* End PBXNativeTarget section */

/* Begin PBXProject section */
		E4B69B4C0A3A1720003C02F2 /* Project object */ = {
			isa = PBXProject;
			attributes = {
				LastUpgradeCheck = 0460;
			};
			buildConfigurationList = E4B69B4D0A3A1720003C02F2 /* Build configuration list for PBXProject "example" */;
			compatibilityVersion = "Xcode 3.2";
			developmentRegion = English;
			hasScannedForEncodings = 0;
			knownRegions = (
				English,
				Japanese,
				French,
				German,
			);
			mainGroup = E4B69B4A0A3A1720003C02F2;
			productRefGroup = E4B69B4A0A3A1720003C02F2;
			projectDirPath = "";
			projectReferences = (
				{
					ProductGroup = E4328144138ABC890047C5CB /* Products */;
					ProjectRef = E4328143138ABC890047C5CB /* openFrameworksLib.xcodeproj */;
				},
			);
			projectRoot = "";
			targets = (
				E4B69B5A0A3A1756003C02F2 /* example */,
			);
		};
/* End PBXProject section */

/* Begin PBXReferenceProxy section */
		E4328148138ABC890047C5CB /* openFrameworksDebug.a */ = {
			isa = PBXReferenceProxy;
			fileType = archive.ar;
			path = openFrameworksDebug.a;
			remoteRef = E4328147138ABC890047C5CB /* PBXContainerItemProxy */;
			sourceTree = BUILT_PRODUCTS_DIR;
		};
/* End PBXReferenceProxy section */

/* Begin PBXShellScriptBuildPhase section */
		E4B6FFFD0C3F9AB9008CF71C /* ShellScript */ = {
			isa = PBXShellScriptBuildPhase;
			buildActionMask = 2147483647;
			files = (
			);
			inputPaths = (
			);
			outputPaths = (
			);
			runOnlyForDeploymentPostprocessing = 0;
			shellPath = /bin/sh;
			shellScript = "cp -f ../../../libs/fmodex/lib/osx/libfmodex.dylib \"$TARGET_BUILD_DIR/$PRODUCT_NAME.app/Contents/MacOS/libfmodex.dylib\"; install_name_tool -change ./libfmodex.dylib @executable_path/libfmodex.dylib \"$TARGET_BUILD_DIR/$PRODUCT_NAME.app/Contents/MacOS/$PRODUCT_NAME\";\nmkdir -p \"$TARGET_BUILD_DIR/$PRODUCT_NAME.app/Contents/Resources/\"\ncp -f \"$ICON_FILE\" \"$TARGET_BUILD_DIR/$PRODUCT_NAME.app/Contents/Resources/\"\n";
		};
/* End PBXShellScriptBuildPhase section */

/* Begin PBXSourcesBuildPhase section */
		E4B69B580A3A1756003C02F2 /* Sources */ = {
			isa = PBXSourcesBuildPhase;
			buildActionMask = 2147483647;
			files = (
				846F11621B368B3D0071ADAC /* YourCustomPattern.cpp in Sources */,
				84206A0A1B3A66AC00DEB5B4 /* Homography.cpp in Sources */,
				846F11481B36873D0071ADAC /* Canvas.cpp in Sources */,
				846F11561B36873D0071ADAC /* SetupPattern.cpp in Sources */,
				846F11491B36873D0071ADAC /* MaskFrame.cpp in Sources */,
				E4B69E200A3A1BDC003C02F2 /* main.cpp in Sources */,
				846F114D1B36873D0071ADAC /* Mouse.cpp in Sources */,
				846F11501B36873D0071ADAC /* PointObject.cpp in Sources */,
				E4B69E210A3A1BDC003C02F2 /* ofApp.cpp in Sources */,
				84BCC1A81B374BDE00CCC5F3 /* ofxLayerMask.cpp in Sources */,
				846F11521B36873D0071ADAC /* ofxProjectionMask.cpp in Sources */,
				63B57AC5BF4EF088491E0317 /* ofxXmlSettings.cpp in Sources */,
				846F114C1B36873D0071ADAC /* SafeDeque.cpp in Sources */,
				933A2227713C720CEFF80FD9 /* tinyxml.cpp in Sources */,
				846F114A1B36873D0071ADAC /* TextArea.cpp in Sources */,
				9D44DC88EF9E7991B4A09951 /* tinyxmlerror.cpp in Sources */,
				5A4349E9754D6FA14C0F2A3A /* tinyxmlparser.cpp in Sources */,
				846F11541B36873D0071ADAC /* ArgumentPattern.cpp in Sources */,
				846F114B1B36873D0071ADAC /* CanvasContents.cpp in Sources */,
				87B479F55285F413D96B5A45 /* ofxSecondWindow.cpp in Sources */,
				1D29183493968A6745214489 /* ofxTriangle.cpp in Sources */,
				846F11531B36873D0071ADAC /* BufferPattern.cpp in Sources */,
				846F114F1B36873D0071ADAC /* MaskPoint.cpp in Sources */,
				846F114E1B36873D0071ADAC /* DragHandle.cpp in Sources */,
				846F11551B36873D0071ADAC /* HueCyclePattern.cpp in Sources */,
				F433A9855079F16673B77E7B /* assert.cpp in Sources */,
				846F11511B36873D0071ADAC /* ofExtensions.cpp in Sources */,
				846F11581B36873D0071ADAC /* Xml.cpp in Sources */,
				846F11571B36873D0071ADAC /* Presets.cpp in Sources */,
				071D631BBDA00BB0980E88BC /* del_impl.cpp in Sources */,
			);
			runOnlyForDeploymentPostprocessing = 0;
		};
/* End PBXSourcesBuildPhase section */

/* Begin PBXTargetDependency section */
		E4EEB9AC138B136A00A80321 /* PBXTargetDependency */ = {
			isa = PBXTargetDependency;
			name = openFrameworks;
			targetProxy = E4EEB9AB138B136A00A80321 /* PBXContainerItemProxy */;
		};
/* End PBXTargetDependency section */

/* Begin XCBuildConfiguration section */
		E4B69B4E0A3A1720003C02F2 /* Debug */ = {
			isa = XCBuildConfiguration;
			baseConfigurationReference = E4EB6923138AFD0F00A09F29 /* Project.xcconfig */;
			buildSettings = {
				ARCHS = "$(NATIVE_ARCH)";
				CONFIGURATION_BUILD_DIR = "$(SRCROOT)/bin/";
				COPY_PHASE_STRIP = NO;
				DEAD_CODE_STRIPPING = YES;
				GCC_AUTO_VECTORIZATION = YES;
				GCC_ENABLE_SSE3_EXTENSIONS = YES;
				GCC_ENABLE_SUPPLEMENTAL_SSE3_INSTRUCTIONS = YES;
				GCC_INLINES_ARE_PRIVATE_EXTERN = NO;
				GCC_OPTIMIZATION_LEVEL = 0;
				GCC_SYMBOLS_PRIVATE_EXTERN = NO;
				GCC_WARN_ABOUT_DEPRECATED_FUNCTIONS = YES;
				GCC_WARN_ABOUT_INVALID_OFFSETOF_MACRO = NO;
				GCC_WARN_ALLOW_INCOMPLETE_PROTOCOL = NO;
				GCC_WARN_UNINITIALIZED_AUTOS = NO;
				GCC_WARN_UNUSED_VALUE = NO;
				GCC_WARN_UNUSED_VARIABLE = NO;
				HEADER_SEARCH_PATHS = (
					"$(OF_CORE_HEADERS)",
					../../../addons/ofxXmlSettings/libs,
					../../../addons/ofxXmlSettings/src,
					../../../addons/ofxSecondWindow/libs,
					../../../addons/ofxSecondWindow/src,
					../../../addons/ofxTriangle/libs,
					../../../addons/ofxTriangle/libs/Triangle,
					../../../addons/ofxTriangle/libs/Triangle/include,
					../../../addons/ofxTriangle/libs/Triangle/src,
					../../../addons/ofxTriangle/src,
				);
				MACOSX_DEPLOYMENT_TARGET = 10.6;
				OTHER_CPLUSPLUSFLAGS = (
					"-D__MACOSX_CORE__",
					"-lpthread",
					"-mtune=native",
				);
				SDKROOT = macosx;
			};
			name = Debug;
		};
		E4B69B4F0A3A1720003C02F2 /* Release */ = {
			isa = XCBuildConfiguration;
			baseConfigurationReference = E4EB6923138AFD0F00A09F29 /* Project.xcconfig */;
			buildSettings = {
				ARCHS = "$(NATIVE_ARCH)";
				CONFIGURATION_BUILD_DIR = "$(SRCROOT)/bin/";
				COPY_PHASE_STRIP = YES;
				DEAD_CODE_STRIPPING = YES;
				GCC_AUTO_VECTORIZATION = YES;
				GCC_ENABLE_SSE3_EXTENSIONS = YES;
				GCC_ENABLE_SUPPLEMENTAL_SSE3_INSTRUCTIONS = YES;
				GCC_INLINES_ARE_PRIVATE_EXTERN = NO;
				GCC_OPTIMIZATION_LEVEL = 3;
				GCC_SYMBOLS_PRIVATE_EXTERN = NO;
				GCC_UNROLL_LOOPS = YES;
				GCC_WARN_ABOUT_DEPRECATED_FUNCTIONS = YES;
				GCC_WARN_ABOUT_INVALID_OFFSETOF_MACRO = NO;
				GCC_WARN_ALLOW_INCOMPLETE_PROTOCOL = NO;
				GCC_WARN_UNINITIALIZED_AUTOS = NO;
				GCC_WARN_UNUSED_VALUE = NO;
				GCC_WARN_UNUSED_VARIABLE = NO;
				HEADER_SEARCH_PATHS = (
					"$(OF_CORE_HEADERS)",
					../../../addons/ofxXmlSettings/libs,
					../../../addons/ofxXmlSettings/src,
					../../../addons/ofxSecondWindow/libs,
					../../../addons/ofxSecondWindow/src,
					../../../addons/ofxTriangle/libs,
					../../../addons/ofxTriangle/libs/Triangle,
					../../../addons/ofxTriangle/libs/Triangle/include,
					../../../addons/ofxTriangle/libs/Triangle/src,
					../../../addons/ofxTriangle/src,
				);
				MACOSX_DEPLOYMENT_TARGET = 10.6;
				OTHER_CPLUSPLUSFLAGS = (
					"-D__MACOSX_CORE__",
					"-lpthread",
					"-mtune=native",
				);
				SDKROOT = macosx;
			};
			name = Release;
		};
		E4B69B600A3A1757003C02F2 /* Debug */ = {
			isa = XCBuildConfiguration;
			buildSettings = {
				COMBINE_HIDPI_IMAGES = YES;
				COPY_PHASE_STRIP = NO;
				FRAMEWORK_SEARCH_PATHS = (
					"$(inherited)",
					"$(FRAMEWORK_SEARCH_PATHS_QUOTED_FOR_TARGET_1)",
				);
				FRAMEWORK_SEARCH_PATHS_QUOTED_FOR_TARGET_1 = "\"$(SRCROOT)/../../../libs/glut/lib/osx\"";
				GCC_DYNAMIC_NO_PIC = NO;
				GCC_GENERATE_DEBUGGING_SYMBOLS = YES;
				GCC_MODEL_TUNING = NONE;
				ICON = "$(ICON_NAME_DEBUG)";
				ICON_FILE = "$(ICON_FILE_PATH)$(ICON)";
				INFOPLIST_FILE = "openFrameworks-Info.plist";
				INSTALL_PATH = "$(HOME)/Applications";
				LIBRARY_SEARCH_PATHS = (
					"$(inherited)",
					"$(LIBRARY_SEARCH_PATHS_QUOTED_FOR_TARGET_1)",
					"$(LIBRARY_SEARCH_PATHS_QUOTED_FOR_TARGET_2)",
					"$(LIBRARY_SEARCH_PATHS_QUOTED_FOR_TARGET_3)",
					"$(LIBRARY_SEARCH_PATHS_QUOTED_FOR_TARGET_4)",
					"$(LIBRARY_SEARCH_PATHS_QUOTED_FOR_TARGET_5)",
					"$(LIBRARY_SEARCH_PATHS_QUOTED_FOR_TARGET_6)",
					"$(LIBRARY_SEARCH_PATHS_QUOTED_FOR_TARGET_7)",
					"$(LIBRARY_SEARCH_PATHS_QUOTED_FOR_TARGET_8)",
					"$(LIBRARY_SEARCH_PATHS_QUOTED_FOR_TARGET_9)",
					"$(LIBRARY_SEARCH_PATHS_QUOTED_FOR_TARGET_10)",
					"$(LIBRARY_SEARCH_PATHS_QUOTED_FOR_TARGET_11)",
					"$(LIBRARY_SEARCH_PATHS_QUOTED_FOR_TARGET_12)",
					"$(LIBRARY_SEARCH_PATHS_QUOTED_FOR_TARGET_13)",
					"$(LIBRARY_SEARCH_PATHS_QUOTED_FOR_TARGET_14)",
					"$(LIBRARY_SEARCH_PATHS_QUOTED_FOR_TARGET_15)",
					"$(LIBRARY_SEARCH_PATHS_QUOTED_FOR_TARGET_2)",
					"$(LIBRARY_SEARCH_PATHS_QUOTED_FOR_TARGET_3)",
					"$(LIBRARY_SEARCH_PATHS_QUOTED_FOR_TARGET_7)",
					"$(LIBRARY_SEARCH_PATHS_QUOTED_FOR_TARGET_8)",
					"$(LIBRARY_SEARCH_PATHS_QUOTED_FOR_TARGET_9)",
					"$(LIBRARY_SEARCH_PATHS_QUOTED_FOR_TARGET_10)",
					"$(LIBRARY_SEARCH_PATHS_QUOTED_FOR_TARGET_11)",
					"$(LIBRARY_SEARCH_PATHS_QUOTED_FOR_TARGET_12)",
					"$(LIBRARY_SEARCH_PATHS_QUOTED_FOR_TARGET_13)",
					"$(LIBRARY_SEARCH_PATHS_QUOTED_FOR_TARGET_16)",
					"$(LIBRARY_SEARCH_PATHS_QUOTED_FOR_TARGET_17)",
					"$(LIBRARY_SEARCH_PATHS_QUOTED_FOR_TARGET_18)",
					"$(LIBRARY_SEARCH_PATHS_QUOTED_FOR_TARGET_19)",
					"$(LIBRARY_SEARCH_PATHS_QUOTED_FOR_TARGET_20)",
					"$(LIBRARY_SEARCH_PATHS_QUOTED_FOR_TARGET_21)",
					"$(LIBRARY_SEARCH_PATHS_QUOTED_FOR_TARGET_22)",
					"$(LIBRARY_SEARCH_PATHS_QUOTED_FOR_TARGET_23)",
					"$(LIBRARY_SEARCH_PATHS_QUOTED_FOR_TARGET_24)",
					"$(LIBRARY_SEARCH_PATHS_QUOTED_FOR_TARGET_25)",
					"$(LIBRARY_SEARCH_PATHS_QUOTED_FOR_TARGET_26)",
					"$(LIBRARY_SEARCH_PATHS_QUOTED_FOR_TARGET_27)",
					"$(LIBRARY_SEARCH_PATHS_QUOTED_FOR_TARGET_28)",
					"$(LIBRARY_SEARCH_PATHS_QUOTED_FOR_TARGET_29)",
					"$(LIBRARY_SEARCH_PATHS_QUOTED_FOR_TARGET_30)",
					"$(LIBRARY_SEARCH_PATHS_QUOTED_FOR_TARGET_31)",
					"$(LIBRARY_SEARCH_PATHS_QUOTED_FOR_TARGET_32)",
					"$(LIBRARY_SEARCH_PATHS_QUOTED_FOR_TARGET_33)",
					"$(LIBRARY_SEARCH_PATHS_QUOTED_FOR_TARGET_34)",
					"$(LIBRARY_SEARCH_PATHS_QUOTED_FOR_TARGET_35)",
					"$(LIBRARY_SEARCH_PATHS_QUOTED_FOR_TARGET_36)",
					"$(LIBRARY_SEARCH_PATHS_QUOTED_FOR_TARGET_37)",
					"$(LIBRARY_SEARCH_PATHS_QUOTED_FOR_TARGET_38)",
					"$(LIBRARY_SEARCH_PATHS_QUOTED_FOR_TARGET_39)",
					"$(LIBRARY_SEARCH_PATHS_QUOTED_FOR_TARGET_40)",
					"$(LIBRARY_SEARCH_PATHS_QUOTED_FOR_TARGET_41)",
					"$(LIBRARY_SEARCH_PATHS_QUOTED_FOR_TARGET_42)",
					"$(LIBRARY_SEARCH_PATHS_QUOTED_FOR_TARGET_43)",
					"$(LIBRARY_SEARCH_PATHS_QUOTED_FOR_TARGET_44)",
					"$(LIBRARY_SEARCH_PATHS_QUOTED_FOR_TARGET_45)",
					"$(LIBRARY_SEARCH_PATHS_QUOTED_FOR_TARGET_46)",
					"$(LIBRARY_SEARCH_PATHS_QUOTED_FOR_TARGET_47)",
					"$(LIBRARY_SEARCH_PATHS_QUOTED_FOR_TARGET_48)",
					"$(LIBRARY_SEARCH_PATHS_QUOTED_FOR_TARGET_49)",
					"$(LIBRARY_SEARCH_PATHS_QUOTED_FOR_TARGET_50)",
					"$(LIBRARY_SEARCH_PATHS_QUOTED_FOR_TARGET_51)",
					"$(LIBRARY_SEARCH_PATHS_QUOTED_FOR_TARGET_52)",
				);
				PRODUCT_NAME = "$(TARGET_NAME)Debug";
				USER_HEADER_SEARCH_PATHS = "";
				WRAPPER_EXTENSION = app;
			};
			name = Debug;
		};
		E4B69B610A3A1757003C02F2 /* Release */ = {
			isa = XCBuildConfiguration;
			buildSettings = {
				COMBINE_HIDPI_IMAGES = YES;
				COPY_PHASE_STRIP = YES;
				FRAMEWORK_SEARCH_PATHS = (
					"$(inherited)",
					"$(FRAMEWORK_SEARCH_PATHS_QUOTED_FOR_TARGET_1)",
				);
				FRAMEWORK_SEARCH_PATHS_QUOTED_FOR_TARGET_1 = "\"$(SRCROOT)/../../../libs/glut/lib/osx\"";
				GCC_GENERATE_DEBUGGING_SYMBOLS = YES;
				GCC_MODEL_TUNING = NONE;
				ICON = "$(ICON_NAME_RELEASE)";
				ICON_FILE = "$(ICON_FILE_PATH)$(ICON)";
				INFOPLIST_FILE = "openFrameworks-Info.plist";
				INSTALL_PATH = "$(HOME)/Applications";
				LIBRARY_SEARCH_PATHS = (
					"$(inherited)",
					"$(LIBRARY_SEARCH_PATHS_QUOTED_FOR_TARGET_1)",
					"$(LIBRARY_SEARCH_PATHS_QUOTED_FOR_TARGET_2)",
					"$(LIBRARY_SEARCH_PATHS_QUOTED_FOR_TARGET_3)",
					"$(LIBRARY_SEARCH_PATHS_QUOTED_FOR_TARGET_4)",
					"$(LIBRARY_SEARCH_PATHS_QUOTED_FOR_TARGET_5)",
					"$(LIBRARY_SEARCH_PATHS_QUOTED_FOR_TARGET_6)",
					"$(LIBRARY_SEARCH_PATHS_QUOTED_FOR_TARGET_7)",
					"$(LIBRARY_SEARCH_PATHS_QUOTED_FOR_TARGET_8)",
					"$(LIBRARY_SEARCH_PATHS_QUOTED_FOR_TARGET_9)",
					"$(LIBRARY_SEARCH_PATHS_QUOTED_FOR_TARGET_10)",
					"$(LIBRARY_SEARCH_PATHS_QUOTED_FOR_TARGET_11)",
					"$(LIBRARY_SEARCH_PATHS_QUOTED_FOR_TARGET_12)",
					"$(LIBRARY_SEARCH_PATHS_QUOTED_FOR_TARGET_13)",
					"$(LIBRARY_SEARCH_PATHS_QUOTED_FOR_TARGET_14)",
					"$(LIBRARY_SEARCH_PATHS_QUOTED_FOR_TARGET_15)",
					"$(LIBRARY_SEARCH_PATHS_QUOTED_FOR_TARGET_2)",
					"$(LIBRARY_SEARCH_PATHS_QUOTED_1)",
					"$(LIBRARY_SEARCH_PATHS_QUOTED_FOR_TARGET_3)",
					"$(LIBRARY_SEARCH_PATHS_QUOTED_FOR_TARGET_7)",
					"$(LIBRARY_SEARCH_PATHS_QUOTED_FOR_TARGET_8)",
					"$(LIBRARY_SEARCH_PATHS_QUOTED_FOR_TARGET_9)",
					"$(LIBRARY_SEARCH_PATHS_QUOTED_FOR_TARGET_10)",
					"$(LIBRARY_SEARCH_PATHS_QUOTED_FOR_TARGET_11)",
					"$(LIBRARY_SEARCH_PATHS_QUOTED_FOR_TARGET_12)",
					"$(LIBRARY_SEARCH_PATHS_QUOTED_FOR_TARGET_13)",
					"$(LIBRARY_SEARCH_PATHS_QUOTED_FOR_TARGET_16)",
					"$(LIBRARY_SEARCH_PATHS_QUOTED_FOR_TARGET_17)",
					"$(LIBRARY_SEARCH_PATHS_QUOTED_FOR_TARGET_18)",
					"$(LIBRARY_SEARCH_PATHS_QUOTED_FOR_TARGET_19)",
					"$(LIBRARY_SEARCH_PATHS_QUOTED_FOR_TARGET_20)",
					"$(LIBRARY_SEARCH_PATHS_QUOTED_FOR_TARGET_21)",
					"$(LIBRARY_SEARCH_PATHS_QUOTED_FOR_TARGET_22)",
					"$(LIBRARY_SEARCH_PATHS_QUOTED_FOR_TARGET_23)",
					"$(LIBRARY_SEARCH_PATHS_QUOTED_FOR_TARGET_24)",
					"$(LIBRARY_SEARCH_PATHS_QUOTED_FOR_TARGET_25)",
					"$(LIBRARY_SEARCH_PATHS_QUOTED_FOR_TARGET_26)",
					"$(LIBRARY_SEARCH_PATHS_QUOTED_FOR_TARGET_27)",
					"$(LIBRARY_SEARCH_PATHS_QUOTED_FOR_TARGET_28)",
					"$(LIBRARY_SEARCH_PATHS_QUOTED_FOR_TARGET_29)",
					"$(LIBRARY_SEARCH_PATHS_QUOTED_FOR_TARGET_30)",
					"$(LIBRARY_SEARCH_PATHS_QUOTED_FOR_TARGET_31)",
					"$(LIBRARY_SEARCH_PATHS_QUOTED_FOR_TARGET_32)",
					"$(LIBRARY_SEARCH_PATHS_QUOTED_FOR_TARGET_33)",
					"$(LIBRARY_SEARCH_PATHS_QUOTED_FOR_TARGET_34)",
					"$(LIBRARY_SEARCH_PATHS_QUOTED_FOR_TARGET_35)",
					"$(LIBRARY_SEARCH_PATHS_QUOTED_FOR_TARGET_36)",
					"$(LIBRARY_SEARCH_PATHS_QUOTED_FOR_TARGET_37)",
					"$(LIBRARY_SEARCH_PATHS_QUOTED_FOR_TARGET_38)",
					"$(LIBRARY_SEARCH_PATHS_QUOTED_FOR_TARGET_39)",
					"$(LIBRARY_SEARCH_PATHS_QUOTED_FOR_TARGET_40)",
					"$(LIBRARY_SEARCH_PATHS_QUOTED_FOR_TARGET_41)",
					"$(LIBRARY_SEARCH_PATHS_QUOTED_FOR_TARGET_42)",
					"$(LIBRARY_SEARCH_PATHS_QUOTED_FOR_TARGET_43)",
					"$(LIBRARY_SEARCH_PATHS_QUOTED_FOR_TARGET_44)",
					"$(LIBRARY_SEARCH_PATHS_QUOTED_FOR_TARGET_45)",
					"$(LIBRARY_SEARCH_PATHS_QUOTED_FOR_TARGET_46)",
					"$(LIBRARY_SEARCH_PATHS_QUOTED_FOR_TARGET_47)",
					"$(LIBRARY_SEARCH_PATHS_QUOTED_FOR_TARGET_48)",
					"$(LIBRARY_SEARCH_PATHS_QUOTED_FOR_TARGET_49)",
					"$(LIBRARY_SEARCH_PATHS_QUOTED_FOR_TARGET_50)",
					"$(LIBRARY_SEARCH_PATHS_QUOTED_FOR_TARGET_51)",
				);
				PRODUCT_NAME = "$(TARGET_NAME)";
				USER_HEADER_SEARCH_PATHS = "";
				WRAPPER_EXTENSION = app;
			};
			name = Release;
		};
/* End XCBuildConfiguration section */

/* Begin XCConfigurationList section */
		E4B69B4D0A3A1720003C02F2 /* Build configuration list for PBXProject "example" */ = {
			isa = XCConfigurationList;
			buildConfigurations = (
				E4B69B4E0A3A1720003C02F2 /* Debug */,
				E4B69B4F0A3A1720003C02F2 /* Release */,
			);
			defaultConfigurationIsVisible = 0;
			defaultConfigurationName = Release;
		};
		E4B69B5F0A3A1757003C02F2 /* Build configuration list for PBXNativeTarget "example" */ = {
			isa = XCConfigurationList;
			buildConfigurations = (
				E4B69B600A3A1757003C02F2 /* Debug */,
				E4B69B610A3A1757003C02F2 /* Release */,
			);
			defaultConfigurationIsVisible = 0;
			defaultConfigurationName = Release;
		};
/* End XCConfigurationList section */
	};
	rootObject = E4B69B4C0A3A1720003C02F2 /* Project object */;
}
